
Microsoft Visual Studio Solution File, Format Version 12.00
# Visual Studio 15
VisualStudioVersion = 15.0.28307.1000
MinimumVisualStudioVersion = 10.0.40219.1
Project("{FAE04EC0-301F-11D3-BF4B-00C04F79EFBC}") = "ClassLibrary", "ClassLibrary\ClassLibrary.csproj", "{B733CDB6-8152-48EA-8381-D434679B6DF7}"
EndProject
Project("{FAE04EC0-301F-11D3-BF4B-00C04F79EFBC}") = "ConsoleApp", "ConsoleApp\ConsoleApp.csproj", "{403CFCF5-E4E3-4323-84F9-261CA2AB22E6}"
EndProject
Global
	GlobalSection(SolutionConfigurationPlatforms) = preSolution
		Debug|Any CPU = Debug|Any CPU
		Release|Any CPU = Release|Any CPU
	EndGlobalSection
	GlobalSection(ProjectConfigurationPlatforms) = postSolution
		{B733CDB6-8152-48EA-8381-D434679B6DF7}.Debug|Any CPU.ActiveCfg = Debug|Any CPU
		{B733CDB6-8152-48EA-8381-D434679B6DF7}.Debug|Any CPU.Build.0 = Debug|Any CPU
		{B733CDB6-8152-48EA-8381-D434679B6DF7}.Release|Any CPU.ActiveCfg = Release|Any CPU
		{B733CDB6-8152-48EA-8381-D434679B6DF7}.Release|Any CPU.Build.0 = Release|Any CPU
		{403CFCF5-E4E3-4323-84F9-261CA2AB22E6}.Debug|Any CPU.ActiveCfg = Debug|Any CPU
		{403CFCF5-E4E3-4323-84F9-261CA2AB22E6}.Debug|Any CPU.Build.0 = Debug|Any CPU
		{403CFCF5-E4E3-4323-84F9-261CA2AB22E6}.Release|Any CPU.ActiveCfg = Release|Any CPU
		{403CFCF5-E4E3-4323-84F9-261CA2AB22E6}.Release|Any CPU.Build.0 = Release|Any CPU
	EndGlobalSection
	GlobalSection(SolutionProperties) = preSolution
		HideSolutionNode = FALSE
	EndGlobalSection
	GlobalSection(ExtensibilityGlobals) = postSolution
		SolutionGuid = {495D377B-62ED-4DD5-98D6-33E3C729DD00}
	EndGlobalSection
EndGlobal
